// !$*UTF8*$!
{
	archiveVersion = 1;
	classes = {
	};
	objectVersion = 48;
	objects = {

/* Begin PBXBuildFile section */
		45489093AF3A818D89C4B3A7 /* Pods_CardPayment.framework in Frameworks */ = {isa = PBXBuildFile; fileRef = A426325132B1B967992D2458 /* Pods_CardPayment.framework */; };
		841C2AF92048072800AA7F4A /* AppDelegate.swift in Sources */ = {isa = PBXBuildFile; fileRef = 841C2AF82048072800AA7F4A /* AppDelegate.swift */; };
		841C2AFB2048072800AA7F4A /* ViewController.swift in Sources */ = {isa = PBXBuildFile; fileRef = 841C2AFA2048072800AA7F4A /* ViewController.swift */; };
		841C2AFE2048072800AA7F4A /* Main.storyboard in Resources */ = {isa = PBXBuildFile; fileRef = 841C2AFC2048072800AA7F4A /* Main.storyboard */; };
		841C2B002048072800AA7F4A /* Assets.xcassets in Resources */ = {isa = PBXBuildFile; fileRef = 841C2AFF2048072800AA7F4A /* Assets.xcassets */; };
		841C2B032048072800AA7F4A /* LaunchScreen.storyboard in Resources */ = {isa = PBXBuildFile; fileRef = 841C2B012048072800AA7F4A /* LaunchScreen.storyboard */; };
		841C2B0D2048240A00AA7F4A /* MaxLengthTextField.swift in Sources */ = {isa = PBXBuildFile; fileRef = 841C2B0C2048240A00AA7F4A /* MaxLengthTextField.swift */; };
/* End PBXBuildFile section */

/* Begin PBXFileReference section */
		7581CA2C4C72E8FC12C80E8C /* Pods-CardPayment.debug.xcconfig */ = {isa = PBXFileReference; includeInIndex = 1; lastKnownFileType = text.xcconfig; name = "Pods-CardPayment.debug.xcconfig"; path = "Pods/Target Support Files/Pods-CardPayment/Pods-CardPayment.debug.xcconfig"; sourceTree = "<group>"; };
		841C2AF52048072800AA7F4A /* CardPayment.app */ = {isa = PBXFileReference; explicitFileType = wrapper.application; includeInIndex = 0; path = CardPayment.app; sourceTree = BUILT_PRODUCTS_DIR; };
		841C2AF82048072800AA7F4A /* AppDelegate.swift */ = {isa = PBXFileReference; lastKnownFileType = sourcecode.swift; path = AppDelegate.swift; sourceTree = "<group>"; };
		841C2AFA2048072800AA7F4A /* ViewController.swift */ = {isa = PBXFileReference; lastKnownFileType = sourcecode.swift; path = ViewController.swift; sourceTree = "<group>"; };
		841C2AFD2048072800AA7F4A /* Base */ = {isa = PBXFileReference; lastKnownFileType = file.storyboard; name = Base; path = Base.lproj/Main.storyboard; sourceTree = "<group>"; };
		841C2AFF2048072800AA7F4A /* Assets.xcassets */ = {isa = PBXFileReference; lastKnownFileType = folder.assetcatalog; path = Assets.xcassets; sourceTree = "<group>"; };
		841C2B022048072800AA7F4A /* Base */ = {isa = PBXFileReference; lastKnownFileType = file.storyboard; name = Base; path = Base.lproj/LaunchScreen.storyboard; sourceTree = "<group>"; };
		841C2B042048072800AA7F4A /* Info.plist */ = {isa = PBXFileReference; lastKnownFileType = text.plist.xml; path = Info.plist; sourceTree = "<group>"; };
		841C2B0C2048240A00AA7F4A /* MaxLengthTextField.swift */ = {isa = PBXFileReference; lastKnownFileType = sourcecode.swift; path = MaxLengthTextField.swift; sourceTree = "<group>"; };
		A426325132B1B967992D2458 /* Pods_CardPayment.framework */ = {isa = PBXFileReference; explicitFileType = wrapper.framework; includeInIndex = 0; path = Pods_CardPayment.framework; sourceTree = BUILT_PRODUCTS_DIR; };
		A520FFD83261DAA75BFE8EEE /* Pods-CardPayment.release.xcconfig */ = {isa = PBXFileReference; includeInIndex = 1; lastKnownFileType = text.xcconfig; name = "Pods-CardPayment.release.xcconfig"; path = "Pods/Target Support Files/Pods-CardPayment/Pods-CardPayment.release.xcconfig"; sourceTree = "<group>"; };
/* End PBXFileReference section */

/* Begin PBXFrameworksBuildPhase section */
		841C2AF22048072800AA7F4A /* Frameworks */ = {
			isa = PBXFrameworksBuildPhase;
			buildActionMask = 2147483647;
			files = (
				45489093AF3A818D89C4B3A7 /* Pods_CardPayment.framework in Frameworks */,
			);
			runOnlyForDeploymentPostprocessing = 0;
		};
/* End PBXFrameworksBuildPhase section */

/* Begin PBXGroup section */
		09B5264D9550721F5B9B28DF /* Frameworks */ = {
			isa = PBXGroup;
			children = (
				A426325132B1B967992D2458 /* Pods_CardPayment.framework */,
			);
			name = Frameworks;
			sourceTree = "<group>";
		};
		6032EC0F535E7FC1F100CD4D /* Pods */ = {
			isa = PBXGroup;
			children = (
				7581CA2C4C72E8FC12C80E8C /* Pods-CardPayment.debug.xcconfig */,
				A520FFD83261DAA75BFE8EEE /* Pods-CardPayment.release.xcconfig */,
			);
			name = Pods;
			sourceTree = "<group>";
		};
		841C2AEC2048072800AA7F4A = {
			isa = PBXGroup;
			children = (
				841C2AF72048072800AA7F4A /* CardPayment */,
				841C2AF62048072800AA7F4A /* Products */,
				6032EC0F535E7FC1F100CD4D /* Pods */,
				09B5264D9550721F5B9B28DF /* Frameworks */,
			);
			sourceTree = "<group>";
		};
		841C2AF62048072800AA7F4A /* Products */ = {
			isa = PBXGroup;
			children = (
				841C2AF52048072800AA7F4A /* CardPayment.app */,
			);
			name = Products;
			sourceTree = "<group>";
		};
		841C2AF72048072800AA7F4A /* CardPayment */ = {
			isa = PBXGroup;
			children = (
				841C2AF82048072800AA7F4A /* AppDelegate.swift */,
				841C2AFA2048072800AA7F4A /* ViewController.swift */,
				841C2AFC2048072800AA7F4A /* Main.storyboard */,
				841C2AFF2048072800AA7F4A /* Assets.xcassets */,
				841C2B012048072800AA7F4A /* LaunchScreen.storyboard */,
				841C2B042048072800AA7F4A /* Info.plist */,
				841C2B0C2048240A00AA7F4A /* MaxLengthTextField.swift */,
			);
			path = CardPayment;
			sourceTree = "<group>";
		};
/* End PBXGroup section */

/* Begin PBXNativeTarget section */
		841C2AF42048072800AA7F4A /* CardPayment */ = {
			isa = PBXNativeTarget;
			buildConfigurationList = 841C2B072048072800AA7F4A /* Build configuration list for PBXNativeTarget "CardPayment" */;
			buildPhases = (
				4074E08240C9CEAFCB3A4836 /* [CP] Check Pods Manifest.lock */,
				841C2AF12048072800AA7F4A /* Sources */,
				841C2AF22048072800AA7F4A /* Frameworks */,
				841C2AF32048072800AA7F4A /* Resources */,
				AD71F40D44515859F8FA96B0 /* [CP] Embed Pods Frameworks */,
				532DF1D67FBC72BD6B391D76 /* [CP] Copy Pods Resources */,
			);
			buildRules = (
			);
			dependencies = (
			);
			name = CardPayment;
			productName = CardPayment;
			productReference = 841C2AF52048072800AA7F4A /* CardPayment.app */;
			productType = "com.apple.product-type.application";
		};
/* End PBXNativeTarget section */

/* Begin PBXProject section */
		841C2AED2048072800AA7F4A /* Project object */ = {
			isa = PBXProject;
			attributes = {
				LastSwiftUpdateCheck = 0910;
				LastUpgradeCheck = 0910;
				ORGANIZATIONNAME = Vishal;
				TargetAttributes = {
					841C2AF42048072800AA7F4A = {
						CreatedOnToolsVersion = 9.1;
						ProvisioningStyle = Manual;
					};
				};
			};
			buildConfigurationList = 841C2AF02048072800AA7F4A /* Build configuration list for PBXProject "CardPayment" */;
			compatibilityVersion = "Xcode 8.0";
			developmentRegion = en;
			hasScannedForEncodings = 0;
			knownRegions = (
				en,
				Base,
			);
			mainGroup = 841C2AEC2048072800AA7F4A;
			productRefGroup = 841C2AF62048072800AA7F4A /* Products */;
			projectDirPath = "";
			projectRoot = "";
			targets = (
				841C2AF42048072800AA7F4A /* CardPayment */,
			);
		};
/* End PBXProject section */

/* Begin PBXResourcesBuildPhase section */
		841C2AF32048072800AA7F4A /* Resources */ = {
			isa = PBXResourcesBuildPhase;
			buildActionMask = 2147483647;
			files = (
				841C2B032048072800AA7F4A /* LaunchScreen.storyboard in Resources */,
				841C2B002048072800AA7F4A /* Assets.xcassets in Resources */,
				841C2AFE2048072800AA7F4A /* Main.storyboard in Resources */,
			);
			runOnlyForDeploymentPostprocessing = 0;
		};
/* End PBXResourcesBuildPhase section */

/* Begin PBXShellScriptBuildPhase section */
		4074E08240C9CEAFCB3A4836 /* [CP] Check Pods Manifest.lock */ = {
			isa = PBXShellScriptBuildPhase;
			buildActionMask = 2147483647;
			files = (
			);
			inputPaths = (
				"${PODS_PODFILE_DIR_PATH}/Podfile.lock",
				"${PODS_ROOT}/Manifest.lock",
			);
			name = "[CP] Check Pods Manifest.lock";
			outputPaths = (
				"$(DERIVED_FILE_DIR)/Pods-CardPayment-checkManifestLockResult.txt",
			);
			runOnlyForDeploymentPostprocessing = 0;
			shellPath = /bin/sh;
			shellScript = "diff \"${PODS_PODFILE_DIR_PATH}/Podfile.lock\" \"${PODS_ROOT}/Manifest.lock\" > /dev/null\nif [ $? != 0 ] ; then\n    # print error to STDERR\n    echo \"error: The sandbox is not in sync with the Podfile.lock. Run 'pod install' or update your CocoaPods installation.\" >&2\n    exit 1\nfi\n# This output is used by Xcode 'outputs' to avoid re-running this script phase.\necho \"SUCCESS\" > \"${SCRIPT_OUTPUT_FILE_0}\"\n";
			showEnvVarsInLog = 0;
		};
		532DF1D67FBC72BD6B391D76 /* [CP] Copy Pods Resources */ = {
			isa = PBXShellScriptBuildPhase;
			buildActionMask = 2147483647;
			files = (
			);
			inputPaths = (
			);
			name = "[CP] Copy Pods Resources";
			outputPaths = (
			);
			runOnlyForDeploymentPostprocessing = 0;
			shellPath = /bin/sh;
			shellScript = "\"${SRCROOT}/Pods/Target Support Files/Pods-CardPayment/Pods-CardPayment-resources.sh\"\n";
			showEnvVarsInLog = 0;
		};
		AD71F40D44515859F8FA96B0 /* [CP] Embed Pods Frameworks */ = {
			isa = PBXShellScriptBuildPhase;
			buildActionMask = 2147483647;
			files = (
			);
			inputPaths = (
				"${SRCROOT}/Pods/Target Support Files/Pods-CardPayment/Pods-CardPayment-frameworks.sh",
				"${BUILT_PRODUCTS_DIR}/MonthYearPicker/MonthYearPicker.framework",
			);
			name = "[CP] Embed Pods Frameworks";
			outputPaths = (
				"${TARGET_BUILD_DIR}/${FRAMEWORKS_FOLDER_PATH}/MonthYearPicker.framework",
			);
			runOnlyForDeploymentPostprocessing = 0;
			shellPath = /bin/sh;
			shellScript = "\"${SRCROOT}/Pods/Target Support Files/Pods-CardPayment/Pods-CardPayment-frameworks.sh\"\n";
			showEnvVarsInLog = 0;
		};
/* End PBXShellScriptBuildPhase section */

/* Begin PBXSourcesBuildPhase section */
		841C2AF12048072800AA7F4A /* Sources */ = {
			isa = PBXSourcesBuildPhase;
			buildActionMask = 2147483647;
			files = (
				841C2AFB2048072800AA7F4A /* ViewController.swift in Sources */,
				841C2B0D2048240A00AA7F4A /* MaxLengthTextField.swift in Sources */,
				841C2AF92048072800AA7F4A /* AppDelegate.swift in Sources */,
			);
			runOnlyForDeploymentPostprocessing = 0;
		};
/* End PBXSourcesBuildPhase section */

/* Begin PBXVariantGroup section */
		841C2AFC2048072800AA7F4A /* Main.storyboard */ = {
			isa = PBXVariantGroup;
			children = (
				841C2AFD2048072800AA7F4A /* Base */,
			);
			name = Main.storyboard;
			sourceTree = "<group>";
		};
		841C2B012048072800AA7F4A /* LaunchScreen.storyboard */ = {
			isa = PBXVariantGroup;
			children = (
				841C2B022048072800AA7F4A /* Base */,
			);
			name = LaunchScreen.storyboard;
			sourceTree = "<group>";
		};
/* End PBXVariantGroup section */

/* Begin XCBuildConfiguration section */
		841C2B052048072800AA7F4A /* Debug */ = {
			isa = XCBuildConfiguration;
			buildSettings = {
				ALWAYS_SEARCH_USER_PATHS = NO;
				CLANG_ANALYZER_NONNULL = YES;
				CLANG_ANALYZER_NUMBER_OBJECT_CONVERSION = YES_AGGRESSIVE;
				CLANG_CXX_LANGUAGE_STANDARD = "gnu++14";
				CLANG_CXX_LIBRARY = "libc++";
				CLANG_ENABLE_MODULES = YES;
				CLANG_ENABLE_OBJC_ARC = YES;
				CLANG_WARN_BLOCK_CAPTURE_AUTORELEASING = YES;
				CLANG_WARN_BOOL_CONVERSION = YES;
				CLANG_WARN_COMMA = YES;
				CLANG_WARN_CONSTANT_CONVERSION = YES;
				CLANG_WARN_DIRECT_OBJC_ISA_USAGE = YES_ERROR;
				CLANG_WARN_DOCUMENTATION_COMMENTS = YES;
				CLANG_WARN_EMPTY_BODY = YES;
				CLANG_WARN_ENUM_CONVERSION = YES;
				CLANG_WARN_INFINITE_RECURSION = YES;
				CLANG_WARN_INT_CONVERSION = YES;
				CLANG_WARN_NON_LITERAL_NULL_CONVERSION = YES;
				CLANG_WARN_OBJC_LITERAL_CONVERSION = YES;
				CLANG_WARN_OBJC_ROOT_CLASS = YES_ERROR;
				CLANG_WARN_RANGE_LOOP_ANALYSIS = YES;
				CLANG_WARN_STRICT_PROTOTYPES = YES;
				CLANG_WARN_SUSPICIOUS_MOVE = YES;
				CLANG_WARN_UNGUARDED_AVAILABILITY = YES_AGGRESSIVE;
				CLANG_WARN_UNREACHABLE_CODE = YES;
				CLANG_WARN__DUPLICATE_METHOD_MATCH = YES;
				CODE_SIGN_IDENTITY = "iPhone Developer";
				COPY_PHASE_STRIP = NO;
				DEBUG_INFORMATION_FORMAT = dwarf;
				ENABLE_STRICT_OBJC_MSGSEND = YES;
				ENABLE_TESTABILITY = YES;
				GCC_C_LANGUAGE_STANDARD = gnu11;
				GCC_DYNAMIC_NO_PIC = NO;
				GCC_NO_COMMON_BLOCKS = YES;
				GCC_OPTIMIZATION_LEVEL = 0;
				GCC_PREPROCESSOR_DEFINITIONS = (
					"DEBUG=1",
					"$(inherited)",
				);
				GCC_WARN_64_TO_32_BIT_CONVERSION = YES;
				GCC_WARN_ABOUT_RETURN_TYPE = YES_ERROR;
				GCC_WARN_UNDECLARED_SELECTOR = YES;
				GCC_WARN_UNINITIALIZED_AUTOS = YES_AGGRESSIVE;
				GCC_WARN_UNUSED_FUNCTION = YES;
				GCC_WARN_UNUSED_VARIABLE = YES;
				IPHONEOS_DEPLOYMENT_TARGET = 11.1;
				MTL_ENABLE_DEBUG_INFO = YES;
				ONLY_ACTIVE_ARCH = YES;
				SDKROOT = iphoneos;
				SWIFT_ACTIVE_COMPILATION_CONDITIONS = DEBUG;
				SWIFT_OPTIMIZATION_LEVEL = "-Onone";
			};
			name = Debug;
		};
		841C2B062048072800AA7F4A /* Release */ = {
			isa = XCBuildConfiguration;
			buildSettings = {
				ALWAYS_SEARCH_USER_PATHS = NO;
				CLANG_ANALYZER_NONNULL = YES;
				CLANG_ANALYZER_NUMBER_OBJECT_CONVERSION = YES_AGGRESSIVE;
				CLANG_CXX_LANGUAGE_STANDARD = "gnu++14";
				CLANG_CXX_LIBRARY = "libc++";
				CLANG_ENABLE_MODULES = YES;
				CLANG_ENABLE_OBJC_ARC = YES;
				CLANG_WARN_BLOCK_CAPTURE_AUTORELEASING = YES;
				CLANG_WARN_BOOL_CONVERSION = YES;
				CLANG_WARN_COMMA = YES;
				CLANG_WARN_CONSTANT_CONVERSION = YES;
				CLANG_WARN_DIRECT_OBJC_ISA_USAGE = YES_ERROR;
				CLANG_WARN_DOCUMENTATION_COMMENTS = YES;
				CLANG_WARN_EMPTY_BODY = YES;
				CLANG_WARN_ENUM_CONVERSION = YES;
				CLANG_WARN_INFINITE_RECURSION = YES;
				CLANG_WARN_INT_CONVERSION = YES;
				CLANG_WARN_NON_LITERAL_NULL_CONVERSION = YES;
				CLANG_WARN_OBJC_LITERAL_CONVERSION = YES;
				CLANG_WARN_OBJC_ROOT_CLASS = YES_ERROR;
				CLANG_WARN_RANGE_LOOP_ANALYSIS = YES;
				CLANG_WARN_STRICT_PROTOTYPES = YES;
				CLANG_WARN_SUSPICIOUS_MOVE = YES;
				CLANG_WARN_UNGUARDED_AVAILABILITY = YES_AGGRESSIVE;
				CLANG_WARN_UNREACHABLE_CODE = YES;
				CLANG_WARN__DUPLICATE_METHOD_MATCH = YES;
				CODE_SIGN_IDENTITY = "iPhone Developer";
				COPY_PHASE_STRIP = NO;
				DEBUG_INFORMATION_FORMAT = "dwarf-with-dsym";
				ENABLE_NS_ASSERTIONS = NO;
				ENABLE_STRICT_OBJC_MSGSEND = YES;
				GCC_C_LANGUAGE_STANDARD = gnu11;
				GCC_NO_COMMON_BLOCKS = YES;
				GCC_WARN_64_TO_32_BIT_CONVERSION = YES;
				GCC_WARN_ABOUT_RETURN_TYPE = YES_ERROR;
				GCC_WARN_UNDECLARED_SELECTOR = YES;
				GCC_WARN_UNINITIALIZED_AUTOS = YES_AGGRESSIVE;
				GCC_WARN_UNUSED_FUNCTION = YES;
				GCC_WARN_UNUSED_VARIABLE = YES;
				IPHONEOS_DEPLOYMENT_TARGET = 11.1;
				MTL_ENABLE_DEBUG_INFO = NO;
				SDKROOT = iphoneos;
				SWIFT_OPTIMIZATION_LEVEL = "-Owholemodule";
				VALIDATE_PRODUCT = YES;
			};
			name = Release;
		};
		841C2B082048072800AA7F4A /* Debug */ = {
			isa = XCBuildConfiguration;
			baseConfigurationReference = 7581CA2C4C72E8FC12C80E8C /* Pods-CardPayment.debug.xcconfig */;
			buildSettings = {
				ASSETCATALOG_COMPILER_APPICON_NAME = AppIcon;
				CODE_SIGN_STYLE = Manual;
				DEVELOPMENT_TEAM = "";
				INFOPLIST_FILE = CardPayment/Info.plist;
				LD_RUNPATH_SEARCH_PATHS = "$(inherited) @executable_path/Frameworks";
				PRODUCT_BUNDLE_IDENTIFIER = com.CardPayment;
				PRODUCT_NAME = "$(TARGET_NAME)";
				PROVISIONING_PROFILE_SPECIFIER = "";
				SWIFT_VERSION = 4.0;
				TARGETED_DEVICE_FAMILY = "1,2";
			};
			name = Debug;
		};
		841C2B092048072800AA7F4A /* Release */ = {
			isa = XCBuildConfiguration;
			baseConfigurationReference = A520FFD83261DAA75BFE8EEE /* Pods-CardPayment.release.xcconfig */;
			buildSettings = {
				ASSETCATALOG_COMPILER_APPICON_NAME = AppIcon;
				CODE_SIGN_STYLE = Manual;
				DEVELOPMENT_TEAM = "";
				INFOPLIST_FILE = CardPayment/Info.plist;
				LD_RUNPATH_SEARCH_PATHS = "$(inherited) @executable_path/Frameworks";
				PRODUCT_BUNDLE_IDENTIFIER = com.CardPayment;
				PRODUCT_NAME = "$(TARGET_NAME)";
				PROVISIONING_PROFILE_SPECIFIER = "";
				SWIFT_VERSION = 4.0;
				TARGETED_DEVICE_FAMILY = "1,2";
			};
			name = Release;
		};
/* End XCBuildConfiguration section */

/* Begin XCConfigurationList section */
		841C2AF02048072800AA7F4A /* Build configuration list for PBXProject "CardPayment" */ = {
			isa = XCConfigurationList;
			buildConfigurations = (
				841C2B052048072800AA7F4A /* Debug */,
				841C2B062048072800AA7F4A /* Release */,
			);
			defaultConfigurationIsVisible = 0;
			defaultConfigurationName = Release;
		};
		841C2B072048072800AA7F4A /* Build configuration list for PBXNativeTarget "CardPayment" */ = {
			isa = XCConfigurationList;
			buildConfigurations = (
				841C2B082048072800AA7F4A /* Debug */,
				841C2B092048072800AA7F4A /* Release */,
			);
			defaultConfigurationIsVisible = 0;
			defaultConfigurationName = Release;
		};
/* End XCConfigurationList section */
	};
	rootObject = 841C2AED2048072800AA7F4A /* Project object */;
}
